
Microsoft Visual Studio Solution File, Format Version 12.00
# Visual Studio Express 2013 for Windows Desktop
VisualStudioVersion = 12.0.30110.0
MinimumVisualStudioVersion = 10.0.40219.1
Project("{8BC9CEB8-8B4A-11D0-8D11-00A0C91BC942}") = "gpm.contract", "gpm.contract.vcxproj", "{ACF4B573-000D-4A8D-8FB0-FBD961CAD22A}"
EndProject
Project("{8BC9CEB8-8B4A-11D0-8D11-00A0C91BC942}") = "gpm.host", "gpm.host.vcxproj", "{4A7C62B8-223F-461C-8BDB-94E2A7AB08FB}"
	ProjectSection(ProjectDependencies) = postProject
		{ACF4B573-000D-4A8D-8FB0-FBD961CAD22A} = {ACF4B573-000D-4A8D-8FB0-FBD961CAD22A}
	EndProjectSection
EndProject
Project("{8BC9CEB8-8B4A-11D0-8D11-00A0C91BC942}") = "demo.contract", "demo.contract.vcxproj", "{D63749C1-74CA-4481-910A-F1A722076E4C}"
	ProjectSection(ProjectDependencies) = postProject
		{ACF4B573-000D-4A8D-8FB0-FBD961CAD22A} = {ACF4B573-000D-4A8D-8FB0-FBD961CAD22A}
	EndProjectSection
EndProject
Project("{8BC9CEB8-8B4A-11D0-8D11-00A0C91BC942}") = "demo", "demo.vcxproj", "{6B39B9D1-331B-433C-BDD1-D8E02C7C7283}"
	ProjectSection(ProjectDependencies) = postProject
		{4A7C62B8-223F-461C-8BDB-94E2A7AB08FB} = {4A7C62B8-223F-461C-8BDB-94E2A7AB08FB}
		{D63749C1-74CA-4481-910A-F1A722076E4C} = {D63749C1-74CA-4481-910A-F1A722076E4C}
	EndProjectSection
EndProject
Project("{8BC9CEB8-8B4A-11D0-8D11-00A0C91BC942}") = "demoa", "demoa.vcxproj", "{2DE5496D-6E01-4C67-BE3B-44C099CAF112}"
	ProjectSection(ProjectDependencies) = postProject
		{D63749C1-74CA-4481-910A-F1A722076E4C} = {D63749C1-74CA-4481-910A-F1A722076E4C}
	EndProjectSection
EndProject
Project("{8BC9CEB8-8B4A-11D0-8D11-00A0C91BC942}") = "demob", "demob.vcxproj", "{89B921B7-35CC-423F-BFCD-A7D9F2ECC7E8}"
	ProjectSection(ProjectDependencies) = postProject
		{D63749C1-74CA-4481-910A-F1A722076E4C} = {D63749C1-74CA-4481-910A-F1A722076E4C}
	EndProjectSection
EndProject
Project("{8BC9CEB8-8B4A-11D0-8D11-00A0C91BC942}") = "demo.game", "demo.game.vcxproj", "{17E7C2D1-E275-4175-B3D9-DCF295E8352E}"
	ProjectSection(ProjectDependencies) = postProject
		{D63749C1-74CA-4481-910A-F1A722076E4C} = {D63749C1-74CA-4481-910A-F1A722076E4C}
	EndProjectSection
EndProject
Global
	GlobalSection(SolutionConfigurationPlatforms) = preSolution
		Debug|Win32 = Debug|Win32
		Release|Win32 = Release|Win32
	EndGlobalSection
	GlobalSection(ProjectConfigurationPlatforms) = postSolution
		{ACF4B573-000D-4A8D-8FB0-FBD961CAD22A}.Debug|Win32.ActiveCfg = Debug|Win32
		{ACF4B573-000D-4A8D-8FB0-FBD961CAD22A}.Debug|Win32.Build.0 = Debug|Win32
		{ACF4B573-000D-4A8D-8FB0-FBD961CAD22A}.Release|Win32.ActiveCfg = Release|Win32
		{ACF4B573-000D-4A8D-8FB0-FBD961CAD22A}.Release|Win32.Build.0 = Release|Win32
		{4A7C62B8-223F-461C-8BDB-94E2A7AB08FB}.Debug|Win32.ActiveCfg = Debug|Win32
		{4A7C62B8-223F-461C-8BDB-94E2A7AB08FB}.Debug|Win32.Build.0 = Debug|Win32
		{4A7C62B8-223F-461C-8BDB-94E2A7AB08FB}.Release|Win32.ActiveCfg = Release|Win32
		{4A7C62B8-223F-461C-8BDB-94E2A7AB08FB}.Release|Win32.Build.0 = Release|Win32
		{D63749C1-74CA-4481-910A-F1A722076E4C}.Debug|Win32.ActiveCfg = Debug|Win32
		{D63749C1-74CA-4481-910A-F1A722076E4C}.Debug|Win32.Build.0 = Debug|Win32
		{D63749C1-74CA-4481-910A-F1A722076E4C}.Release|Win32.ActiveCfg = Release|Win32
		{D63749C1-74CA-4481-910A-F1A722076E4C}.Release|Win32.Build.0 = Release|Win32
		{6B39B9D1-331B-433C-BDD1-D8E02C7C7283}.Debug|Win32.ActiveCfg = Debug|Win32
		{6B39B9D1-331B-433C-BDD1-D8E02C7C7283}.Debug|Win32.Build.0 = Debug|Win32
		{6B39B9D1-331B-433C-BDD1-D8E02C7C7283}.Release|Win32.ActiveCfg = Release|Win32
		{6B39B9D1-331B-433C-BDD1-D8E02C7C7283}.Release|Win32.Build.0 = Release|Win32
		{2DE5496D-6E01-4C67-BE3B-44C099CAF112}.Debug|Win32.ActiveCfg = Debug|Win32
		{2DE5496D-6E01-4C67-BE3B-44C099CAF112}.Debug|Win32.Build.0 = Debug|Win32
		{2DE5496D-6E01-4C67-BE3B-44C099CAF112}.Release|Win32.ActiveCfg = Release|Win32
		{2DE5496D-6E01-4C67-BE3B-44C099CAF112}.Release|Win32.Build.0 = Release|Win32
		{89B921B7-35CC-423F-BFCD-A7D9F2ECC7E8}.Debug|Win32.ActiveCfg = Debug|Win32
		{89B921B7-35CC-423F-BFCD-A7D9F2ECC7E8}.Debug|Win32.Build.0 = Debug|Win32
		{89B921B7-35CC-423F-BFCD-A7D9F2ECC7E8}.Release|Win32.ActiveCfg = Release|Win32
		{89B921B7-35CC-423F-BFCD-A7D9F2ECC7E8}.Release|Win32.Build.0 = Release|Win32
		{17E7C2D1-E275-4175-B3D9-DCF295E8352E}.Debug|Win32.ActiveCfg = Debug|Win32
		{17E7C2D1-E275-4175-B3D9-DCF295E8352E}.Debug|Win32.Build.0 = Debug|Win32
		{17E7C2D1-E275-4175-B3D9-DCF295E8352E}.Release|Win32.ActiveCfg = Release|Win32
		{17E7C2D1-E275-4175-B3D9-DCF295E8352E}.Release|Win32.Build.0 = Release|Win32
	EndGlobalSection
	GlobalSection(SolutionProperties) = preSolution
		HideSolutionNode = FALSE
	EndGlobalSection
EndGlobal
