<?xml version="1.0" encoding="utf-8"?>
<Project ToolsVersion="4.0" xmlns="http://schemas.microsoft.com/developer/msbuild/2003">
  <ItemGroup>
    <Filter Include="contract">
      <UniqueIdentifier>{4FC737F1-C7A5-4376-A066-2A32D752A2FF}</UniqueIdentifier>
      <Extensions>cpp;c;cc;cxx;def;odl;idl;hpj;bat;asm;asmx</Extensions>
    </Filter>
  </ItemGroup>
  <ItemGroup>
    <ClInclude Include="..\..\gpm.contract\gpm\contract.h" />
    <ClInclude Include="..\..\gpm.contract\gpm\typedefs.h" />
    <ClInclude Include="..\..\gpm.contract\gpm\contract\plugin.h">
      <Filter>contract</Filter>
    </ClInclude>
    <ClInclude Include="..\..\gpm.contract\gpm\contract\objectlistener.h">
      <Filter>contract</Filter>
    </ClInclude>
    <ClInclude Include="..\..\gpm.contract\gpm\contract\pluginactivator.h">
      <Filter>contract</Filter>
    </ClInclude>
    <ClInclude Include="..\..\gpm.contract\gpm\contract\plugincontext.h">
      <Filter>contract</Filter>
    </ClInclude>
    <ClInclude Include="..\..\gpm.contract\gpm\contract\pluginobject.h">
      <Filter>contract</Filter>
    </ClInclude>
  </ItemGroup>
</Project>